
Microsoft Visual Studio Solution File, Format Version 12.00
# Visual Studio Version 17
VisualStudioVersion = 17.11.35327.3
MinimumVisualStudioVersion = 10.0.40219.1
Project("{FAE04EC0-301F-11D3-BF4B-00C04F79EFBC}") = "CODE_OF_STORY", "CODE_OF_STORY\CODE_OF_STORY.csproj", "{D5826B53-6EBF-4E7A-91F5-7AA531A62E45}"
EndProject
Global
	GlobalSection(SolutionConfigurationPlatforms) = preSolution
		Debug|Any CPU = Debug|Any CPU
		Release|Any CPU = Release|Any CPU
	EndGlobalSection
	GlobalSection(ProjectConfigurationPlatforms) = postSolution
		{D5826B53-6EBF-4E7A-91F5-7AA531A62E45}.Debug|Any CPU.ActiveCfg = Debug|Any CPU
		{D5826B53-6EBF-4E7A-91F5-7AA531A62E45}.Debug|Any CPU.Build.0 = Debug|Any CPU
		{D5826B53-6EBF-4E7A-91F5-7AA531A62E45}.Release|Any CPU.ActiveCfg = Release|Any CPU
		{D5826B53-6EBF-4E7A-91F5-7AA531A62E45}.Release|Any CPU.Build.0 = Release|Any CPU
	EndGlobalSection
	GlobalSection(SolutionProperties) = preSolution
		HideSolutionNode = FALSE
	EndGlobalSection
	GlobalSection(ExtensibilityGlobals) = postSolution
		SolutionGuid = {9AA48002-30FC-407F-A683-497DE1C36D06}
	EndGlobalSection
EndGlobal
